
Microsoft Visual Studio Solution File, Format Version 12.00
# Visual Studio 15
VisualStudioVersion = 15.0.28306.52
MinimumVisualStudioVersion = 10.0.40219.1
Project("{FAE04EC0-301F-11D3-BF4B-00C04F79EFBC}") = "TodoList", "TodoList\TodoList.csproj", "{5E7EC286-9B87-4911-824D-BC0F82BA24FC}"
EndProject
Project("{FAE04EC0-301F-11D3-BF4B-00C04F79EFBC}") = "TodoList.DomainModel", "TodoList.DomainModel\TodoList.DomainModel.csproj", "{CDC97411-5DED-4BEC-8E33-901C64B71114}"
EndProject
Project("{FAE04EC0-301F-11D3-BF4B-00C04F79EFBC}") = "TodoList.Service", "TodoList.Service\TodoList.Service.csproj", "{D9B69A27-2C9F-4B8A-8118-1DE3B5E9E610}"
EndProject
Project("{FAE04EC0-301F-11D3-BF4B-00C04F79EFBC}") = "TodoList.Core", "TodoList.Core\TodoList.Core.csproj", "{F64E01B2-AEA0-475E-B455-CB67F9F9248C}"
EndProject
Project("{FAE04EC0-301F-11D3-BF4B-00C04F79EFBC}") = "TodoList.DAL", "TodoList.DAL\TodoList.DAL.csproj", "{B98F20B3-68CA-42B1-ADAA-4EC6F87A19D5}"
EndProject
Global
	GlobalSection(SolutionConfigurationPlatforms) = preSolution
		Debug|Any CPU = Debug|Any CPU
		Release|Any CPU = Release|Any CPU
	EndGlobalSection
	GlobalSection(ProjectConfigurationPlatforms) = postSolution
		{5E7EC286-9B87-4911-824D-BC0F82BA24FC}.Debug|Any CPU.ActiveCfg = Debug|Any CPU
		{5E7EC286-9B87-4911-824D-BC0F82BA24FC}.Debug|Any CPU.Build.0 = Debug|Any CPU
		{5E7EC286-9B87-4911-824D-BC0F82BA24FC}.Release|Any CPU.ActiveCfg = Release|Any CPU
		{5E7EC286-9B87-4911-824D-BC0F82BA24FC}.Release|Any CPU.Build.0 = Release|Any CPU
		{CDC97411-5DED-4BEC-8E33-901C64B71114}.Debug|Any CPU.ActiveCfg = Debug|Any CPU
		{CDC97411-5DED-4BEC-8E33-901C64B71114}.Debug|Any CPU.Build.0 = Debug|Any CPU
		{CDC97411-5DED-4BEC-8E33-901C64B71114}.Release|Any CPU.ActiveCfg = Release|Any CPU
		{CDC97411-5DED-4BEC-8E33-901C64B71114}.Release|Any CPU.Build.0 = Release|Any CPU
		{D9B69A27-2C9F-4B8A-8118-1DE3B5E9E610}.Debug|Any CPU.ActiveCfg = Debug|Any CPU
		{D9B69A27-2C9F-4B8A-8118-1DE3B5E9E610}.Debug|Any CPU.Build.0 = Debug|Any CPU
		{D9B69A27-2C9F-4B8A-8118-1DE3B5E9E610}.Release|Any CPU.ActiveCfg = Release|Any CPU
		{D9B69A27-2C9F-4B8A-8118-1DE3B5E9E610}.Release|Any CPU.Build.0 = Release|Any CPU
		{F64E01B2-AEA0-475E-B455-CB67F9F9248C}.Debug|Any CPU.ActiveCfg = Debug|Any CPU
		{F64E01B2-AEA0-475E-B455-CB67F9F9248C}.Debug|Any CPU.Build.0 = Debug|Any CPU
		{F64E01B2-AEA0-475E-B455-CB67F9F9248C}.Release|Any CPU.ActiveCfg = Release|Any CPU
		{F64E01B2-AEA0-475E-B455-CB67F9F9248C}.Release|Any CPU.Build.0 = Release|Any CPU
		{B98F20B3-68CA-42B1-ADAA-4EC6F87A19D5}.Debug|Any CPU.ActiveCfg = Debug|Any CPU
		{B98F20B3-68CA-42B1-ADAA-4EC6F87A19D5}.Debug|Any CPU.Build.0 = Debug|Any CPU
		{B98F20B3-68CA-42B1-ADAA-4EC6F87A19D5}.Release|Any CPU.ActiveCfg = Release|Any CPU
		{B98F20B3-68CA-42B1-ADAA-4EC6F87A19D5}.Release|Any CPU.Build.0 = Release|Any CPU
	EndGlobalSection
	GlobalSection(SolutionProperties) = preSolution
		HideSolutionNode = FALSE
	EndGlobalSection
	GlobalSection(ExtensibilityGlobals) = postSolution
		SolutionGuid = {EB134053-1076-44D4-A3C8-6858E8C25CED}
	EndGlobalSection
EndGlobal
